// !$*UTF8*$!
{
	archiveVersion = 1;
	classes = {
	};
	objectVersion = 50;
	objects = {

/* Begin PBXBuildFile section */
		CE15D901244F4D5300C832FC /* LocationListVC.swift in Sources */ = {isa = PBXBuildFile; fileRef = CE15D900244F4D5300C832FC /* LocationListVC.swift */; };
		CE15D903244F4D7700C832FC /* SearchVC.swift in Sources */ = {isa = PBXBuildFile; fileRef = CE15D902244F4D7700C832FC /* SearchVC.swift */; };
		CE15D905244F4F3F00C832FC /* LocationListTableViewCell.swift in Sources */ = {isa = PBXBuildFile; fileRef = CE15D904244F4F3F00C832FC /* LocationListTableViewCell.swift */; };
		CE38B351244A004500210156 /* DailyTableViewSection.swift in Sources */ = {isa = PBXBuildFile; fileRef = CE38B350244A004500210156 /* DailyTableViewSection.swift */; };
		CE38B353244A02D600210156 /* DailyWeatherItem.swift in Sources */ = {isa = PBXBuildFile; fileRef = CE38B352244A02D600210156 /* DailyWeatherItem.swift */; };
		CE38B355244A069E00210156 /* DateConverter.swift in Sources */ = {isa = PBXBuildFile; fileRef = CE38B354244A069E00210156 /* DateConverter.swift */; };
		CE38B357244A06EA00210156 /* WeatherBuilder.swift in Sources */ = {isa = PBXBuildFile; fileRef = CE38B356244A06EA00210156 /* WeatherBuilder.swift */; };
		CE38B35A244A081000210156 /* Date + ext.swift in Sources */ = {isa = PBXBuildFile; fileRef = CE38B359244A081000210156 /* Date + ext.swift */; };
		CE38B35C244A2D1500210156 /* CurrentWeather.swift in Sources */ = {isa = PBXBuildFile; fileRef = CE38B35B244A2D1500210156 /* CurrentWeather.swift */; };
		CE45D1F42451EE0B00CE0C64 /* SearchViewDelegate.swift in Sources */ = {isa = PBXBuildFile; fileRef = CE45D1F32451EE0B00CE0C64 /* SearchViewDelegate.swift */; };
		CE45D1F62451F00D00CE0C64 /* LocationNames.swift in Sources */ = {isa = PBXBuildFile; fileRef = CE45D1F52451F00D00CE0C64 /* LocationNames.swift */; };
		CE45D1F82451FF5800CE0C64 /* PersistenceManager.swift in Sources */ = {isa = PBXBuildFile; fileRef = CE45D1F72451FF5800CE0C64 /* PersistenceManager.swift */; };
		CE5FD89224509628005AAC88 /* CoreLocation.framework in Frameworks */ = {isa = PBXBuildFile; fileRef = CE5FD89124509628005AAC88 /* CoreLocation.framework */; };
		CE7AB6EA2448C02800ACA7C6 /* WeatherData.swift in Sources */ = {isa = PBXBuildFile; fileRef = CE7AB6E92448C02800ACA7C6 /* WeatherData.swift */; };
		CE7AB6ED2448C60D00ACA7C6 /* NetworkManager.swift in Sources */ = {isa = PBXBuildFile; fileRef = CE7AB6EC2448C60D00ACA7C6 /* NetworkManager.swift */; };
		CE7AB6F02448C74500ACA7C6 /* ErrorMessage.swift in Sources */ = {isa = PBXBuildFile; fileRef = CE7AB6EF2448C74500ACA7C6 /* ErrorMessage.swift */; };
		CED6266424476BAD00181CCE /* AppDelegate.swift in Sources */ = {isa = PBXBuildFile; fileRef = CED6266324476BAD00181CCE /* AppDelegate.swift */; };
		CED6266624476BAD00181CCE /* SceneDelegate.swift in Sources */ = {isa = PBXBuildFile; fileRef = CED6266524476BAD00181CCE /* SceneDelegate.swift */; };
		CED6266824476BAD00181CCE /* WeatherViewController.swift in Sources */ = {isa = PBXBuildFile; fileRef = CED6266724476BAD00181CCE /* WeatherViewController.swift */; };
		CED6266B24476BAD00181CCE /* Main.storyboard in Resources */ = {isa = PBXBuildFile; fileRef = CED6266924476BAD00181CCE /* Main.storyboard */; };
		CED6266D24476BB200181CCE /* Assets.xcassets in Resources */ = {isa = PBXBuildFile; fileRef = CED6266C24476BB200181CCE /* Assets.xcassets */; };
		CED6267024476BB200181CCE /* LaunchScreen.storyboard in Resources */ = {isa = PBXBuildFile; fileRef = CED6266E24476BB200181CCE /* LaunchScreen.storyboard */; };
		CED70BCF24477A250057B2E3 /* HourlyCollectionViewCell.swift in Sources */ = {isa = PBXBuildFile; fileRef = CED70BCE24477A250057B2E3 /* HourlyCollectionViewCell.swift */; };
		CED70BD2244780570057B2E3 /* DailyTableViewCell.swift in Sources */ = {isa = PBXBuildFile; fileRef = CED70BD0244780570057B2E3 /* DailyTableViewCell.swift */; };
		CED70BD3244780570057B2E3 /* DailyTableViewCell.xib in Resources */ = {isa = PBXBuildFile; fileRef = CED70BD1244780570057B2E3 /* DailyTableViewCell.xib */; };
		CED70BD62447834B0057B2E3 /* DetailsTableViewCell.swift in Sources */ = {isa = PBXBuildFile; fileRef = CED70BD42447834B0057B2E3 /* DetailsTableViewCell.swift */; };
		CED70BD72447834B0057B2E3 /* DetailsTableViewCell.xib in Resources */ = {isa = PBXBuildFile; fileRef = CED70BD52447834B0057B2E3 /* DetailsTableViewCell.xib */; };
		CEDE4B19244C89610066871A /* HourlyWeatherItem.swift in Sources */ = {isa = PBXBuildFile; fileRef = CEDE4B18244C89610066871A /* HourlyWeatherItem.swift */; };
		CEDE4B1B244C9E800066871A /* DetailsWeather.swift in Sources */ = {isa = PBXBuildFile; fileRef = CEDE4B1A244C9E800066871A /* DetailsWeather.swift */; };
/* End PBXBuildFile section */

/* Begin PBXFileReference section */
		CE15D900244F4D5300C832FC /* LocationListVC.swift */ = {isa = PBXFileReference; lastKnownFileType = sourcecode.swift; path = LocationListVC.swift; sourceTree = "<group>"; };
		CE15D902244F4D7700C832FC /* SearchVC.swift */ = {isa = PBXFileReference; lastKnownFileType = sourcecode.swift; path = SearchVC.swift; sourceTree = "<group>"; };
		CE15D904244F4F3F00C832FC /* LocationListTableViewCell.swift */ = {isa = PBXFileReference; lastKnownFileType = sourcecode.swift; path = LocationListTableViewCell.swift; sourceTree = "<group>"; };
		CE38B350244A004500210156 /* DailyTableViewSection.swift */ = {isa = PBXFileReference; lastKnownFileType = sourcecode.swift; path = DailyTableViewSection.swift; sourceTree = "<group>"; };
		CE38B352244A02D600210156 /* DailyWeatherItem.swift */ = {isa = PBXFileReference; lastKnownFileType = sourcecode.swift; path = DailyWeatherItem.swift; sourceTree = "<group>"; };
		CE38B354244A069E00210156 /* DateConverter.swift */ = {isa = PBXFileReference; lastKnownFileType = sourcecode.swift; path = DateConverter.swift; sourceTree = "<group>"; };
		CE38B356244A06EA00210156 /* WeatherBuilder.swift */ = {isa = PBXFileReference; lastKnownFileType = sourcecode.swift; path = WeatherBuilder.swift; sourceTree = "<group>"; };
		CE38B359244A081000210156 /* Date + ext.swift */ = {isa = PBXFileReference; lastKnownFileType = sourcecode.swift; path = "Date + ext.swift"; sourceTree = "<group>"; };
		CE38B35B244A2D1500210156 /* CurrentWeather.swift */ = {isa = PBXFileReference; lastKnownFileType = sourcecode.swift; path = CurrentWeather.swift; sourceTree = "<group>"; };
		CE45D1F32451EE0B00CE0C64 /* SearchViewDelegate.swift */ = {isa = PBXFileReference; lastKnownFileType = sourcecode.swift; path = SearchViewDelegate.swift; sourceTree = "<group>"; };
		CE45D1F52451F00D00CE0C64 /* LocationNames.swift */ = {isa = PBXFileReference; lastKnownFileType = sourcecode.swift; path = LocationNames.swift; sourceTree = "<group>"; };
		CE45D1F72451FF5800CE0C64 /* PersistenceManager.swift */ = {isa = PBXFileReference; lastKnownFileType = sourcecode.swift; path = PersistenceManager.swift; sourceTree = "<group>"; };
		CE5FD89124509628005AAC88 /* CoreLocation.framework */ = {isa = PBXFileReference; lastKnownFileType = wrapper.framework; name = CoreLocation.framework; path = System/Library/Frameworks/CoreLocation.framework; sourceTree = SDKROOT; };
		CE7AB6E92448C02800ACA7C6 /* WeatherData.swift */ = {isa = PBXFileReference; lastKnownFileType = sourcecode.swift; path = WeatherData.swift; sourceTree = "<group>"; };
		CE7AB6EC2448C60D00ACA7C6 /* NetworkManager.swift */ = {isa = PBXFileReference; lastKnownFileType = sourcecode.swift; path = NetworkManager.swift; sourceTree = "<group>"; };
		CE7AB6EF2448C74500ACA7C6 /* ErrorMessage.swift */ = {isa = PBXFileReference; lastKnownFileType = sourcecode.swift; path = ErrorMessage.swift; sourceTree = "<group>"; };
		CED6266024476BAD00181CCE /* Weather.app */ = {isa = PBXFileReference; explicitFileType = wrapper.application; includeInIndex = 0; path = Weather.app; sourceTree = BUILT_PRODUCTS_DIR; };
		CED6266324476BAD00181CCE /* AppDelegate.swift */ = {isa = PBXFileReference; lastKnownFileType = sourcecode.swift; path = AppDelegate.swift; sourceTree = "<group>"; };
		CED6266524476BAD00181CCE /* SceneDelegate.swift */ = {isa = PBXFileReference; lastKnownFileType = sourcecode.swift; path = SceneDelegate.swift; sourceTree = "<group>"; };
		CED6266724476BAD00181CCE /* WeatherViewController.swift */ = {isa = PBXFileReference; lastKnownFileType = sourcecode.swift; path = WeatherViewController.swift; sourceTree = "<group>"; };
		CED6266A24476BAD00181CCE /* Base */ = {isa = PBXFileReference; lastKnownFileType = file.storyboard; name = Base; path = Base.lproj/Main.storyboard; sourceTree = "<group>"; };
		CED6266C24476BB200181CCE /* Assets.xcassets */ = {isa = PBXFileReference; lastKnownFileType = folder.assetcatalog; path = Assets.xcassets; sourceTree = "<group>"; };
		CED6266F24476BB200181CCE /* Base */ = {isa = PBXFileReference; lastKnownFileType = file.storyboard; name = Base; path = Base.lproj/LaunchScreen.storyboard; sourceTree = "<group>"; };
		CED6267124476BB200181CCE /* Info.plist */ = {isa = PBXFileReference; lastKnownFileType = text.plist.xml; path = Info.plist; sourceTree = "<group>"; };
		CED70BCE24477A250057B2E3 /* HourlyCollectionViewCell.swift */ = {isa = PBXFileReference; lastKnownFileType = sourcecode.swift; path = HourlyCollectionViewCell.swift; sourceTree = "<group>"; };
		CED70BD0244780570057B2E3 /* DailyTableViewCell.swift */ = {isa = PBXFileReference; lastKnownFileType = sourcecode.swift; path = DailyTableViewCell.swift; sourceTree = "<group>"; };
		CED70BD1244780570057B2E3 /* DailyTableViewCell.xib */ = {isa = PBXFileReference; lastKnownFileType = file.xib; path = DailyTableViewCell.xib; sourceTree = "<group>"; };
		CED70BD42447834B0057B2E3 /* DetailsTableViewCell.swift */ = {isa = PBXFileReference; lastKnownFileType = sourcecode.swift; path = DetailsTableViewCell.swift; sourceTree = "<group>"; };
		CED70BD52447834B0057B2E3 /* DetailsTableViewCell.xib */ = {isa = PBXFileReference; lastKnownFileType = file.xib; path = DetailsTableViewCell.xib; sourceTree = "<group>"; };
		CEDE4B18244C89610066871A /* HourlyWeatherItem.swift */ = {isa = PBXFileReference; lastKnownFileType = sourcecode.swift; path = HourlyWeatherItem.swift; sourceTree = "<group>"; };
		CEDE4B1A244C9E800066871A /* DetailsWeather.swift */ = {isa = PBXFileReference; lastKnownFileType = sourcecode.swift; path = DetailsWeather.swift; sourceTree = "<group>"; };
/* End PBXFileReference section */

/* Begin PBXFrameworksBuildPhase section */
		CED6265D24476BAD00181CCE /* Frameworks */ = {
			isa = PBXFrameworksBuildPhase;
			buildActionMask = 2147483647;
			files = (
				CE5FD89224509628005AAC88 /* CoreLocation.framework in Frameworks */,
			);
			runOnlyForDeploymentPostprocessing = 0;
		};
/* End PBXFrameworksBuildPhase section */

/* Begin PBXGroup section */
		CE15D8FE244F449000C832FC /* View Controllers */ = {
			isa = PBXGroup;
			children = (
				CED6266724476BAD00181CCE /* WeatherViewController.swift */,
				CE15D900244F4D5300C832FC /* LocationListVC.swift */,
				CE15D902244F4D7700C832FC /* SearchVC.swift */,
			);
			path = "View Controllers";
			sourceTree = "<group>";
		};
		CE38B358244A080300210156 /* Extensions */ = {
			isa = PBXGroup;
			children = (
				CE38B359244A081000210156 /* Date + ext.swift */,
			);
			path = Extensions;
			sourceTree = "<group>";
		};
		CE5FD89024509628005AAC88 /* Frameworks */ = {
			isa = PBXGroup;
			children = (
				CE5FD89124509628005AAC88 /* CoreLocation.framework */,
			);
			name = Frameworks;
			sourceTree = "<group>";
		};
		CE7AB6E82448C01700ACA7C6 /* Model */ = {
			isa = PBXGroup;
			children = (
				CE7AB6E92448C02800ACA7C6 /* WeatherData.swift */,
				CE38B352244A02D600210156 /* DailyWeatherItem.swift */,
				CE38B35B244A2D1500210156 /* CurrentWeather.swift */,
				CEDE4B18244C89610066871A /* HourlyWeatherItem.swift */,
				CEDE4B1A244C9E800066871A /* DetailsWeather.swift */,
				CE45D1F52451F00D00CE0C64 /* LocationNames.swift */,
			);
			path = Model;
			sourceTree = "<group>";
		};
		CE7AB6EB2448C5FD00ACA7C6 /* Managers */ = {
			isa = PBXGroup;
			children = (
				CE38B356244A06EA00210156 /* WeatherBuilder.swift */,
				CE7AB6EC2448C60D00ACA7C6 /* NetworkManager.swift */,
				CE45D1F72451FF5800CE0C64 /* PersistenceManager.swift */,
			);
			path = Managers;
			sourceTree = "<group>";
		};
		CE7AB6EE2448C72F00ACA7C6 /* Support */ = {
			isa = PBXGroup;
			children = (
				CE7AB6EF2448C74500ACA7C6 /* ErrorMessage.swift */,
				CE38B350244A004500210156 /* DailyTableViewSection.swift */,
				CE38B354244A069E00210156 /* DateConverter.swift */,
			);
			path = Support;
			sourceTree = "<group>";
		};
		CED6265724476BAD00181CCE = {
			isa = PBXGroup;
			children = (
				CED6266224476BAD00181CCE /* Weather */,
				CED6266124476BAD00181CCE /* Products */,
				CE5FD89024509628005AAC88 /* Frameworks */,
			);
			sourceTree = "<group>";
		};
		CED6266124476BAD00181CCE /* Products */ = {
			isa = PBXGroup;
			children = (
				CED6266024476BAD00181CCE /* Weather.app */,
			);
			name = Products;
			sourceTree = "<group>";
		};
		CED6266224476BAD00181CCE /* Weather */ = {
			isa = PBXGroup;
			children = (
				CE15D8FE244F449000C832FC /* View Controllers */,
				CE38B358244A080300210156 /* Extensions */,
				CE7AB6EE2448C72F00ACA7C6 /* Support */,
				CE7AB6EB2448C5FD00ACA7C6 /* Managers */,
				CE7AB6E82448C01700ACA7C6 /* Model */,
				CED70BCC244779AB0057B2E3 /* CustomViews */,
				CED6266324476BAD00181CCE /* AppDelegate.swift */,
				CED6266524476BAD00181CCE /* SceneDelegate.swift */,
				CED6266924476BAD00181CCE /* Main.storyboard */,
				CED6266C24476BB200181CCE /* Assets.xcassets */,
				CED6266E24476BB200181CCE /* LaunchScreen.storyboard */,
				CED6267124476BB200181CCE /* Info.plist */,
				CE45D1F32451EE0B00CE0C64 /* SearchViewDelegate.swift */,
			);
			path = Weather;
			sourceTree = "<group>";
		};
		CED70BCC244779AB0057B2E3 /* CustomViews */ = {
			isa = PBXGroup;
			children = (
				CED70BCD244779B40057B2E3 /* Cells */,
			);
			path = CustomViews;
			sourceTree = "<group>";
		};
		CED70BCD244779B40057B2E3 /* Cells */ = {
			isa = PBXGroup;
			children = (
				CED70BCE24477A250057B2E3 /* HourlyCollectionViewCell.swift */,
				CED70BD0244780570057B2E3 /* DailyTableViewCell.swift */,
				CED70BD1244780570057B2E3 /* DailyTableViewCell.xib */,
				CED70BD42447834B0057B2E3 /* DetailsTableViewCell.swift */,
				CED70BD52447834B0057B2E3 /* DetailsTableViewCell.xib */,
				CE15D904244F4F3F00C832FC /* LocationListTableViewCell.swift */,
			);
			name = Cells;
			sourceTree = "<group>";
		};
/* End PBXGroup section */

/* Begin PBXNativeTarget section */
		CED6265F24476BAD00181CCE /* Weather */ = {
			isa = PBXNativeTarget;
			buildConfigurationList = CED6267424476BB200181CCE /* Build configuration list for PBXNativeTarget "Weather" */;
			buildPhases = (
				CED6265C24476BAD00181CCE /* Sources */,
				CED6265D24476BAD00181CCE /* Frameworks */,
				CED6265E24476BAD00181CCE /* Resources */,
			);
			buildRules = (
			);
			dependencies = (
			);
			name = Weather;
			productName = Weather;
			productReference = CED6266024476BAD00181CCE /* Weather.app */;
			productType = "com.apple.product-type.application";
		};
/* End PBXNativeTarget section */

/* Begin PBXProject section */
		CED6265824476BAD00181CCE /* Project object */ = {
			isa = PBXProject;
			attributes = {
				LastSwiftUpdateCheck = 1140;
				LastUpgradeCheck = 1140;
				ORGANIZATIONNAME = "Vlad Volkov";
				TargetAttributes = {
					CED6265F24476BAD00181CCE = {
						CreatedOnToolsVersion = 11.4;
					};
				};
			};
			buildConfigurationList = CED6265B24476BAD00181CCE /* Build configuration list for PBXProject "Weather" */;
			compatibilityVersion = "Xcode 9.3";
			developmentRegion = en;
			hasScannedForEncodings = 0;
			knownRegions = (
				en,
				Base,
			);
			mainGroup = CED6265724476BAD00181CCE;
			productRefGroup = CED6266124476BAD00181CCE /* Products */;
			projectDirPath = "";
			projectRoot = "";
			targets = (
				CED6265F24476BAD00181CCE /* Weather */,
			);
		};
/* End PBXProject section */

/* Begin PBXResourcesBuildPhase section */
		CED6265E24476BAD00181CCE /* Resources */ = {
			isa = PBXResourcesBuildPhase;
			buildActionMask = 2147483647;
			files = (
				CED70BD72447834B0057B2E3 /* DetailsTableViewCell.xib in Resources */,
				CED6267024476BB200181CCE /* LaunchScreen.storyboard in Resources */,
				CED70BD3244780570057B2E3 /* DailyTableViewCell.xib in Resources */,
				CED6266D24476BB200181CCE /* Assets.xcassets in Resources */,
				CED6266B24476BAD00181CCE /* Main.storyboard in Resources */,
			);
			runOnlyForDeploymentPostprocessing = 0;
		};
/* End PBXResourcesBuildPhase section */

/* Begin PBXSourcesBuildPhase section */
		CED6265C24476BAD00181CCE /* Sources */ = {
			isa = PBXSourcesBuildPhase;
			buildActionMask = 2147483647;
			files = (
				CE7AB6ED2448C60D00ACA7C6 /* NetworkManager.swift in Sources */,
				CE38B35C244A2D1500210156 /* CurrentWeather.swift in Sources */,
				CED70BD62447834B0057B2E3 /* DetailsTableViewCell.swift in Sources */,
				CE7AB6F02448C74500ACA7C6 /* ErrorMessage.swift in Sources */,
				CEDE4B19244C89610066871A /* HourlyWeatherItem.swift in Sources */,
				CE15D901244F4D5300C832FC /* LocationListVC.swift in Sources */,
				CE45D1F42451EE0B00CE0C64 /* SearchViewDelegate.swift in Sources */,
				CE45D1F62451F00D00CE0C64 /* LocationNames.swift in Sources */,
				CED6266824476BAD00181CCE /* WeatherViewController.swift in Sources */,
				CED70BD2244780570057B2E3 /* DailyTableViewCell.swift in Sources */,
				CE38B357244A06EA00210156 /* WeatherBuilder.swift in Sources */,
				CE45D1F82451FF5800CE0C64 /* PersistenceManager.swift in Sources */,
				CE15D903244F4D7700C832FC /* SearchVC.swift in Sources */,
				CE15D905244F4F3F00C832FC /* LocationListTableViewCell.swift in Sources */,
				CED6266424476BAD00181CCE /* AppDelegate.swift in Sources */,
				CE38B353244A02D600210156 /* DailyWeatherItem.swift in Sources */,
				CE38B351244A004500210156 /* DailyTableViewSection.swift in Sources */,
				CE38B35A244A081000210156 /* Date + ext.swift in Sources */,
				CEDE4B1B244C9E800066871A /* DetailsWeather.swift in Sources */,
				CE38B355244A069E00210156 /* DateConverter.swift in Sources */,
				CED6266624476BAD00181CCE /* SceneDelegate.swift in Sources */,
				CE7AB6EA2448C02800ACA7C6 /* WeatherData.swift in Sources */,
				CED70BCF24477A250057B2E3 /* HourlyCollectionViewCell.swift in Sources */,
			);
			runOnlyForDeploymentPostprocessing = 0;
		};
/* End PBXSourcesBuildPhase section */

/* Begin PBXVariantGroup section */
		CED6266924476BAD00181CCE /* Main.storyboard */ = {
			isa = PBXVariantGroup;
			children = (
				CED6266A24476BAD00181CCE /* Base */,
			);
			name = Main.storyboard;
			sourceTree = "<group>";
		};
		CED6266E24476BB200181CCE /* LaunchScreen.storyboard */ = {
			isa = PBXVariantGroup;
			children = (
				CED6266F24476BB200181CCE /* Base */,
			);
			name = LaunchScreen.storyboard;
			sourceTree = "<group>";
		};
/* End PBXVariantGroup section */

/* Begin XCBuildConfiguration section */
		CED6267224476BB200181CCE /* Debug */ = {
			isa = XCBuildConfiguration;
			buildSettings = {
				ALWAYS_SEARCH_USER_PATHS = NO;
				CLANG_ANALYZER_NONNULL = YES;
				CLANG_ANALYZER_NUMBER_OBJECT_CONVERSION = YES_AGGRESSIVE;
				CLANG_CXX_LANGUAGE_STANDARD = "gnu++14";
				CLANG_CXX_LIBRARY = "libc++";
				CLANG_ENABLE_MODULES = YES;
				CLANG_ENABLE_OBJC_ARC = YES;
				CLANG_ENABLE_OBJC_WEAK = YES;
				CLANG_WARN_BLOCK_CAPTURE_AUTORELEASING = YES;
				CLANG_WARN_BOOL_CONVERSION = YES;
				CLANG_WARN_COMMA = YES;
				CLANG_WARN_CONSTANT_CONVERSION = YES;
				CLANG_WARN_DEPRECATED_OBJC_IMPLEMENTATIONS = YES;
				CLANG_WARN_DIRECT_OBJC_ISA_USAGE = YES_ERROR;
				CLANG_WARN_DOCUMENTATION_COMMENTS = YES;
				CLANG_WARN_EMPTY_BODY = YES;
				CLANG_WARN_ENUM_CONVERSION = YES;
				CLANG_WARN_INFINITE_RECURSION = YES;
				CLANG_WARN_INT_CONVERSION = YES;
				CLANG_WARN_NON_LITERAL_NULL_CONVERSION = YES;
				CLANG_WARN_OBJC_IMPLICIT_RETAIN_SELF = YES;
				CLANG_WARN_OBJC_LITERAL_CONVERSION = YES;
				CLANG_WARN_OBJC_ROOT_CLASS = YES_ERROR;
				CLANG_WARN_RANGE_LOOP_ANALYSIS = YES;
				CLANG_WARN_STRICT_PROTOTYPES = YES;
				CLANG_WARN_SUSPICIOUS_MOVE = YES;
				CLANG_WARN_UNGUARDED_AVAILABILITY = YES_AGGRESSIVE;
				CLANG_WARN_UNREACHABLE_CODE = YES;
				CLANG_WARN__DUPLICATE_METHOD_MATCH = YES;
				COPY_PHASE_STRIP = NO;
				DEBUG_INFORMATION_FORMAT = dwarf;
				ENABLE_STRICT_OBJC_MSGSEND = YES;
				ENABLE_TESTABILITY = YES;
				GCC_C_LANGUAGE_STANDARD = gnu11;
				GCC_DYNAMIC_NO_PIC = NO;
				GCC_NO_COMMON_BLOCKS = YES;
				GCC_OPTIMIZATION_LEVEL = 0;
				GCC_PREPROCESSOR_DEFINITIONS = (
					"DEBUG=1",
					"$(inherited)",
				);
				GCC_WARN_64_TO_32_BIT_CONVERSION = YES;
				GCC_WARN_ABOUT_RETURN_TYPE = YES_ERROR;
				GCC_WARN_UNDECLARED_SELECTOR = YES;
				GCC_WARN_UNINITIALIZED_AUTOS = YES_AGGRESSIVE;
				GCC_WARN_UNUSED_FUNCTION = YES;
				GCC_WARN_UNUSED_VARIABLE = YES;
				IPHONEOS_DEPLOYMENT_TARGET = 13.4;
				MTL_ENABLE_DEBUG_INFO = INCLUDE_SOURCE;
				MTL_FAST_MATH = YES;
				ONLY_ACTIVE_ARCH = YES;
				SDKROOT = iphoneos;
				SWIFT_ACTIVE_COMPILATION_CONDITIONS = DEBUG;
				SWIFT_OPTIMIZATION_LEVEL = "-Onone";
			};
			name = Debug;
		};
		CED6267324476BB200181CCE /* Release */ = {
			isa = XCBuildConfiguration;
			buildSettings = {
				ALWAYS_SEARCH_USER_PATHS = NO;
				CLANG_ANALYZER_NONNULL = YES;
				CLANG_ANALYZER_NUMBER_OBJECT_CONVERSION = YES_AGGRESSIVE;
				CLANG_CXX_LANGUAGE_STANDARD = "gnu++14";
				CLANG_CXX_LIBRARY = "libc++";
				CLANG_ENABLE_MODULES = YES;
				CLANG_ENABLE_OBJC_ARC = YES;
				CLANG_ENABLE_OBJC_WEAK = YES;
				CLANG_WARN_BLOCK_CAPTURE_AUTORELEASING = YES;
				CLANG_WARN_BOOL_CONVERSION = YES;
				CLANG_WARN_COMMA = YES;
				CLANG_WARN_CONSTANT_CONVERSION = YES;
				CLANG_WARN_DEPRECATED_OBJC_IMPLEMENTATIONS = YES;
				CLANG_WARN_DIRECT_OBJC_ISA_USAGE = YES_ERROR;
				CLANG_WARN_DOCUMENTATION_COMMENTS = YES;
				CLANG_WARN_EMPTY_BODY = YES;
				CLANG_WARN_ENUM_CONVERSION = YES;
				CLANG_WARN_INFINITE_RECURSION = YES;
				CLANG_WARN_INT_CONVERSION = YES;
				CLANG_WARN_NON_LITERAL_NULL_CONVERSION = YES;
				CLANG_WARN_OBJC_IMPLICIT_RETAIN_SELF = YES;
				CLANG_WARN_OBJC_LITERAL_CONVERSION = YES;
				CLANG_WARN_OBJC_ROOT_CLASS = YES_ERROR;
				CLANG_WARN_RANGE_LOOP_ANALYSIS = YES;
				CLANG_WARN_STRICT_PROTOTYPES = YES;
				CLANG_WARN_SUSPICIOUS_MOVE = YES;
				CLANG_WARN_UNGUARDED_AVAILABILITY = YES_AGGRESSIVE;
				CLANG_WARN_UNREACHABLE_CODE = YES;
				CLANG_WARN__DUPLICATE_METHOD_MATCH = YES;
				COPY_PHASE_STRIP = NO;
				DEBUG_INFORMATION_FORMAT = "dwarf-with-dsym";
				ENABLE_NS_ASSERTIONS = NO;
				ENABLE_STRICT_OBJC_MSGSEND = YES;
				GCC_C_LANGUAGE_STANDARD = gnu11;
				GCC_NO_COMMON_BLOCKS = YES;
				GCC_WARN_64_TO_32_BIT_CONVERSION = YES;
				GCC_WARN_ABOUT_RETURN_TYPE = YES_ERROR;
				GCC_WARN_UNDECLARED_SELECTOR = YES;
				GCC_WARN_UNINITIALIZED_AUTOS = YES_AGGRESSIVE;
				GCC_WARN_UNUSED_FUNCTION = YES;
				GCC_WARN_UNUSED_VARIABLE = YES;
				IPHONEOS_DEPLOYMENT_TARGET = 13.4;
				MTL_ENABLE_DEBUG_INFO = NO;
				MTL_FAST_MATH = YES;
				SDKROOT = iphoneos;
				SWIFT_COMPILATION_MODE = wholemodule;
				SWIFT_OPTIMIZATION_LEVEL = "-O";
				VALIDATE_PRODUCT = YES;
			};
			name = Release;
		};
		CED6267524476BB200181CCE /* Debug */ = {
			isa = XCBuildConfiguration;
			buildSettings = {
				ASSETCATALOG_COMPILER_APPICON_NAME = AppIcon;
				CODE_SIGN_STYLE = Automatic;
				DEVELOPMENT_TEAM = 8392B7X4JB;
				INFOPLIST_FILE = Weather/Info.plist;
				LD_RUNPATH_SEARCH_PATHS = (
					"$(inherited)",
					"@executable_path/Frameworks",
				);
				PRODUCT_BUNDLE_IDENTIFIER = com.Volkov.Weather;
				PRODUCT_NAME = "$(TARGET_NAME)";
				SWIFT_VERSION = 5.0;
				TARGETED_DEVICE_FAMILY = "1,2";
			};
			name = Debug;
		};
		CED6267624476BB200181CCE /* Release */ = {
			isa = XCBuildConfiguration;
			buildSettings = {
				ASSETCATALOG_COMPILER_APPICON_NAME = AppIcon;
				CODE_SIGN_STYLE = Automatic;
				DEVELOPMENT_TEAM = 8392B7X4JB;
				INFOPLIST_FILE = Weather/Info.plist;
				LD_RUNPATH_SEARCH_PATHS = (
					"$(inherited)",
					"@executable_path/Frameworks",
				);
				PRODUCT_BUNDLE_IDENTIFIER = com.Volkov.Weather;
				PRODUCT_NAME = "$(TARGET_NAME)";
				SWIFT_VERSION = 5.0;
				TARGETED_DEVICE_FAMILY = "1,2";
			};
			name = Release;
		};
/* End XCBuildConfiguration section */

/* Begin XCConfigurationList section */
		CED6265B24476BAD00181CCE /* Build configuration list for PBXProject "Weather" */ = {
			isa = XCConfigurationList;
			buildConfigurations = (
				CED6267224476BB200181CCE /* Debug */,
				CED6267324476BB200181CCE /* Release */,
			);
			defaultConfigurationIsVisible = 0;
			defaultConfigurationName = Release;
		};
		CED6267424476BB200181CCE /* Build configuration list for PBXNativeTarget "Weather" */ = {
			isa = XCConfigurationList;
			buildConfigurations = (
				CED6267524476BB200181CCE /* Debug */,
				CED6267624476BB200181CCE /* Release */,
			);
			defaultConfigurationIsVisible = 0;
			defaultConfigurationName = Release;
		};
/* End XCConfigurationList section */
	};
	rootObject = CED6265824476BAD00181CCE /* Project object */;
}
